
Microsoft Visual Studio Solution File, Format Version 12.00
# Visual Studio 15
VisualStudioVersion = 15.0.28307.757
MinimumVisualStudioVersion = 10.0.40219.1
Project("{FAE04EC0-301F-11D3-BF4B-00C04F79EFBC}") = "Api", "Api\Api.csproj", "{08EB46DE-78F6-45DA-AE72-AB3E93346118}"
EndProject
Project("{FAE04EC0-301F-11D3-BF4B-00C04F79EFBC}") = "Repository", "Repository\Repository.csproj", "{50D92AE1-5F00-4A84-BF5B-279BCC397AB5}"
EndProject
Project("{FAE04EC0-301F-11D3-BF4B-00C04F79EFBC}") = "Entity", "Entity\Entity.csproj", "{1BA2828F-2F1E-4F2B-A013-6735FC934AC3}"
EndProject
Global
	GlobalSection(SolutionConfigurationPlatforms) = preSolution
		Debug|Any CPU = Debug|Any CPU
		Release|Any CPU = Release|Any CPU
	EndGlobalSection
	GlobalSection(ProjectConfigurationPlatforms) = postSolution
		{08EB46DE-78F6-45DA-AE72-AB3E93346118}.Debug|Any CPU.ActiveCfg = Debug|Any CPU
		{08EB46DE-78F6-45DA-AE72-AB3E93346118}.Debug|Any CPU.Build.0 = Debug|Any CPU
		{08EB46DE-78F6-45DA-AE72-AB3E93346118}.Release|Any CPU.ActiveCfg = Release|Any CPU
		{08EB46DE-78F6-45DA-AE72-AB3E93346118}.Release|Any CPU.Build.0 = Release|Any CPU
		{50D92AE1-5F00-4A84-BF5B-279BCC397AB5}.Debug|Any CPU.ActiveCfg = Debug|Any CPU
		{50D92AE1-5F00-4A84-BF5B-279BCC397AB5}.Debug|Any CPU.Build.0 = Debug|Any CPU
		{50D92AE1-5F00-4A84-BF5B-279BCC397AB5}.Release|Any CPU.ActiveCfg = Release|Any CPU
		{50D92AE1-5F00-4A84-BF5B-279BCC397AB5}.Release|Any CPU.Build.0 = Release|Any CPU
		{1BA2828F-2F1E-4F2B-A013-6735FC934AC3}.Debug|Any CPU.ActiveCfg = Debug|Any CPU
		{1BA2828F-2F1E-4F2B-A013-6735FC934AC3}.Debug|Any CPU.Build.0 = Debug|Any CPU
		{1BA2828F-2F1E-4F2B-A013-6735FC934AC3}.Release|Any CPU.ActiveCfg = Release|Any CPU
		{1BA2828F-2F1E-4F2B-A013-6735FC934AC3}.Release|Any CPU.Build.0 = Release|Any CPU
	EndGlobalSection
	GlobalSection(SolutionProperties) = preSolution
		HideSolutionNode = FALSE
	EndGlobalSection
	GlobalSection(ExtensibilityGlobals) = postSolution
		SolutionGuid = {61518CB8-D3D2-4EB7-B9A4-D1E55A1ED6A3}
	EndGlobalSection
EndGlobal
